
Microsoft Visual Studio Solution File, Format Version 12.00
# Visual Studio Version 17
VisualStudioVersion = 17.6.33829.357
MinimumVisualStudioVersion = 10.0.40219.1
Project("{FAE04EC0-301F-11D3-BF4B-00C04F79EFBC}") = "FinTrackr", "FinTrackr.csproj", "{FB485A77-95B6-4E2E-8B7E-2A6071F3B333}"
EndProject
Global
	GlobalSection(SolutionConfigurationPlatforms) = preSolution
		Debug|Any CPU = Debug|Any CPU
		Release|Any CPU = Release|Any CPU
	EndGlobalSection
	GlobalSection(ProjectConfigurationPlatforms) = postSolution
		{FB485A77-95B6-4E2E-8B7E-2A6071F3B333}.Debug|Any CPU.ActiveCfg = Debug|Any CPU
		{FB485A77-95B6-4E2E-8B7E-2A6071F3B333}.Debug|Any CPU.Build.0 = Debug|Any CPU
		{FB485A77-95B6-4E2E-8B7E-2A6071F3B333}.Release|Any CPU.ActiveCfg = Release|Any CPU
		{FB485A77-95B6-4E2E-8B7E-2A6071F3B333}.Release|Any CPU.Build.0 = Release|Any CPU
	EndGlobalSection
	GlobalSection(SolutionProperties) = preSolution
		HideSolutionNode = FALSE
	EndGlobalSection
	GlobalSection(ExtensibilityGlobals) = postSolution
		SolutionGuid = {24FF7226-8C0F-4A5C-9789-10D75F501CDC}
	EndGlobalSection
EndGlobal
